
Microsoft Visual Studio Solution File, Format Version 12.00
# Visual Studio Version 16
VisualStudioVersion = 16.0.29509.3
MinimumVisualStudioVersion = 10.0.40219.1
Project("{FAE04EC0-301F-11D3-BF4B-00C04F79EFBC}") = "Commons", "Commons\Commons.csproj", "{5E452931-9CC4-4B25-8093-EB424FE52E2B}"
EndProject
Project("{FAE04EC0-301F-11D3-BF4B-00C04F79EFBC}") = "DAL", "DAL\DAL.csproj", "{69BF058C-7A61-4972-8202-BE1F50B0CAF2}"
EndProject
Project("{FAE04EC0-301F-11D3-BF4B-00C04F79EFBC}") = "BLL", "BLL\BLL.csproj", "{C92E4219-827B-4A85-82FD-DA8AB727D1A5}"
EndProject
Project("{FAE04EC0-301F-11D3-BF4B-00C04F79EFBC}") = "Models", "Models\Models.csproj", "{4A5D5976-636F-49E3-AE41-CD455091B525}"
EndProject
Project("{FAE04EC0-301F-11D3-BF4B-00C04F79EFBC}") = "TestConsole", "TestConsole\TestConsole.csproj", "{1FA3BAC2-048C-44B2-9974-06254F691A6A}"
EndProject
Global
	GlobalSection(SolutionConfigurationPlatforms) = preSolution
		Debug|Any CPU = Debug|Any CPU
		Debug|ARM = Debug|ARM
		Debug|ARM64 = Debug|ARM64
		Debug|x64 = Debug|x64
		Debug|x86 = Debug|x86
		Release|Any CPU = Release|Any CPU
		Release|ARM = Release|ARM
		Release|ARM64 = Release|ARM64
		Release|x64 = Release|x64
		Release|x86 = Release|x86
	EndGlobalSection
	GlobalSection(ProjectConfigurationPlatforms) = postSolution
		{5E452931-9CC4-4B25-8093-EB424FE52E2B}.Debug|Any CPU.ActiveCfg = Debug|Any CPU
		{5E452931-9CC4-4B25-8093-EB424FE52E2B}.Debug|Any CPU.Build.0 = Debug|Any CPU
		{5E452931-9CC4-4B25-8093-EB424FE52E2B}.Debug|ARM.ActiveCfg = Debug|Any CPU
		{5E452931-9CC4-4B25-8093-EB424FE52E2B}.Debug|ARM.Build.0 = Debug|Any CPU
		{5E452931-9CC4-4B25-8093-EB424FE52E2B}.Debug|ARM64.ActiveCfg = Debug|Any CPU
		{5E452931-9CC4-4B25-8093-EB424FE52E2B}.Debug|ARM64.Build.0 = Debug|Any CPU
		{5E452931-9CC4-4B25-8093-EB424FE52E2B}.Debug|x64.ActiveCfg = Debug|Any CPU
		{5E452931-9CC4-4B25-8093-EB424FE52E2B}.Debug|x64.Build.0 = Debug|Any CPU
		{5E452931-9CC4-4B25-8093-EB424FE52E2B}.Debug|x86.ActiveCfg = Debug|Any CPU
		{5E452931-9CC4-4B25-8093-EB424FE52E2B}.Debug|x86.Build.0 = Debug|Any CPU
		{5E452931-9CC4-4B25-8093-EB424FE52E2B}.Release|Any CPU.ActiveCfg = Release|Any CPU
		{5E452931-9CC4-4B25-8093-EB424FE52E2B}.Release|Any CPU.Build.0 = Release|Any CPU
		{5E452931-9CC4-4B25-8093-EB424FE52E2B}.Release|ARM.ActiveCfg = Release|Any CPU
		{5E452931-9CC4-4B25-8093-EB424FE52E2B}.Release|ARM.Build.0 = Release|Any CPU
		{5E452931-9CC4-4B25-8093-EB424FE52E2B}.Release|ARM64.ActiveCfg = Release|Any CPU
		{5E452931-9CC4-4B25-8093-EB424FE52E2B}.Release|ARM64.Build.0 = Release|Any CPU
		{5E452931-9CC4-4B25-8093-EB424FE52E2B}.Release|x64.ActiveCfg = Release|Any CPU
		{5E452931-9CC4-4B25-8093-EB424FE52E2B}.Release|x64.Build.0 = Release|Any CPU
		{5E452931-9CC4-4B25-8093-EB424FE52E2B}.Release|x86.ActiveCfg = Release|Any CPU
		{5E452931-9CC4-4B25-8093-EB424FE52E2B}.Release|x86.Build.0 = Release|Any CPU
		{69BF058C-7A61-4972-8202-BE1F50B0CAF2}.Debug|Any CPU.ActiveCfg = Debug|Any CPU
		{69BF058C-7A61-4972-8202-BE1F50B0CAF2}.Debug|Any CPU.Build.0 = Debug|Any CPU
		{69BF058C-7A61-4972-8202-BE1F50B0CAF2}.Debug|ARM.ActiveCfg = Debug|Any CPU
		{69BF058C-7A61-4972-8202-BE1F50B0CAF2}.Debug|ARM.Build.0 = Debug|Any CPU
		{69BF058C-7A61-4972-8202-BE1F50B0CAF2}.Debug|ARM64.ActiveCfg = Debug|Any CPU
		{69BF058C-7A61-4972-8202-BE1F50B0CAF2}.Debug|ARM64.Build.0 = Debug|Any CPU
		{69BF058C-7A61-4972-8202-BE1F50B0CAF2}.Debug|x64.ActiveCfg = Debug|Any CPU
		{69BF058C-7A61-4972-8202-BE1F50B0CAF2}.Debug|x64.Build.0 = Debug|Any CPU
		{69BF058C-7A61-4972-8202-BE1F50B0CAF2}.Debug|x86.ActiveCfg = Debug|Any CPU
		{69BF058C-7A61-4972-8202-BE1F50B0CAF2}.Debug|x86.Build.0 = Debug|Any CPU
		{69BF058C-7A61-4972-8202-BE1F50B0CAF2}.Release|Any CPU.ActiveCfg = Release|Any CPU
		{69BF058C-7A61-4972-8202-BE1F50B0CAF2}.Release|Any CPU.Build.0 = Release|Any CPU
		{69BF058C-7A61-4972-8202-BE1F50B0CAF2}.Release|ARM.ActiveCfg = Release|Any CPU
		{69BF058C-7A61-4972-8202-BE1F50B0CAF2}.Release|ARM.Build.0 = Release|Any CPU
		{69BF058C-7A61-4972-8202-BE1F50B0CAF2}.Release|ARM64.ActiveCfg = Release|Any CPU
		{69BF058C-7A61-4972-8202-BE1F50B0CAF2}.Release|ARM64.Build.0 = Release|Any CPU
		{69BF058C-7A61-4972-8202-BE1F50B0CAF2}.Release|x64.ActiveCfg = Release|Any CPU
		{69BF058C-7A61-4972-8202-BE1F50B0CAF2}.Release|x64.Build.0 = Release|Any CPU
		{69BF058C-7A61-4972-8202-BE1F50B0CAF2}.Release|x86.ActiveCfg = Release|Any CPU
		{69BF058C-7A61-4972-8202-BE1F50B0CAF2}.Release|x86.Build.0 = Release|Any CPU
		{C92E4219-827B-4A85-82FD-DA8AB727D1A5}.Debug|Any CPU.ActiveCfg = Debug|Any CPU
		{C92E4219-827B-4A85-82FD-DA8AB727D1A5}.Debug|Any CPU.Build.0 = Debug|Any CPU
		{C92E4219-827B-4A85-82FD-DA8AB727D1A5}.Debug|ARM.ActiveCfg = Debug|Any CPU
		{C92E4219-827B-4A85-82FD-DA8AB727D1A5}.Debug|ARM.Build.0 = Debug|Any CPU
		{C92E4219-827B-4A85-82FD-DA8AB727D1A5}.Debug|ARM64.ActiveCfg = Debug|Any CPU
		{C92E4219-827B-4A85-82FD-DA8AB727D1A5}.Debug|ARM64.Build.0 = Debug|Any CPU
		{C92E4219-827B-4A85-82FD-DA8AB727D1A5}.Debug|x64.ActiveCfg = Debug|Any CPU
		{C92E4219-827B-4A85-82FD-DA8AB727D1A5}.Debug|x64.Build.0 = Debug|Any CPU
		{C92E4219-827B-4A85-82FD-DA8AB727D1A5}.Debug|x86.ActiveCfg = Debug|Any CPU
		{C92E4219-827B-4A85-82FD-DA8AB727D1A5}.Debug|x86.Build.0 = Debug|Any CPU
		{C92E4219-827B-4A85-82FD-DA8AB727D1A5}.Release|Any CPU.ActiveCfg = Release|Any CPU
		{C92E4219-827B-4A85-82FD-DA8AB727D1A5}.Release|Any CPU.Build.0 = Release|Any CPU
		{C92E4219-827B-4A85-82FD-DA8AB727D1A5}.Release|ARM.ActiveCfg = Release|Any CPU
		{C92E4219-827B-4A85-82FD-DA8AB727D1A5}.Release|ARM.Build.0 = Release|Any CPU
		{C92E4219-827B-4A85-82FD-DA8AB727D1A5}.Release|ARM64.ActiveCfg = Release|Any CPU
		{C92E4219-827B-4A85-82FD-DA8AB727D1A5}.Release|ARM64.Build.0 = Release|Any CPU
		{C92E4219-827B-4A85-82FD-DA8AB727D1A5}.Release|x64.ActiveCfg = Release|Any CPU
		{C92E4219-827B-4A85-82FD-DA8AB727D1A5}.Release|x64.Build.0 = Release|Any CPU
		{C92E4219-827B-4A85-82FD-DA8AB727D1A5}.Release|x86.ActiveCfg = Release|Any CPU
		{C92E4219-827B-4A85-82FD-DA8AB727D1A5}.Release|x86.Build.0 = Release|Any CPU
		{4A5D5976-636F-49E3-AE41-CD455091B525}.Debug|Any CPU.ActiveCfg = Debug|Any CPU
		{4A5D5976-636F-49E3-AE41-CD455091B525}.Debug|Any CPU.Build.0 = Debug|Any CPU
		{4A5D5976-636F-49E3-AE41-CD455091B525}.Debug|ARM.ActiveCfg = Debug|Any CPU
		{4A5D5976-636F-49E3-AE41-CD455091B525}.Debug|ARM.Build.0 = Debug|Any CPU
		{4A5D5976-636F-49E3-AE41-CD455091B525}.Debug|ARM64.ActiveCfg = Debug|Any CPU
		{4A5D5976-636F-49E3-AE41-CD455091B525}.Debug|ARM64.Build.0 = Debug|Any CPU
		{4A5D5976-636F-49E3-AE41-CD455091B525}.Debug|x64.ActiveCfg = Debug|Any CPU
		{4A5D5976-636F-49E3-AE41-CD455091B525}.Debug|x64.Build.0 = Debug|Any CPU
		{4A5D5976-636F-49E3-AE41-CD455091B525}.Debug|x86.ActiveCfg = Debug|Any CPU
		{4A5D5976-636F-49E3-AE41-CD455091B525}.Debug|x86.Build.0 = Debug|Any CPU
		{4A5D5976-636F-49E3-AE41-CD455091B525}.Release|Any CPU.ActiveCfg = Release|Any CPU
		{4A5D5976-636F-49E3-AE41-CD455091B525}.Release|Any CPU.Build.0 = Release|Any CPU
		{4A5D5976-636F-49E3-AE41-CD455091B525}.Release|ARM.ActiveCfg = Release|Any CPU
		{4A5D5976-636F-49E3-AE41-CD455091B525}.Release|ARM.Build.0 = Release|Any CPU
		{4A5D5976-636F-49E3-AE41-CD455091B525}.Release|ARM64.ActiveCfg = Release|Any CPU
		{4A5D5976-636F-49E3-AE41-CD455091B525}.Release|ARM64.Build.0 = Release|Any CPU
		{4A5D5976-636F-49E3-AE41-CD455091B525}.Release|x64.ActiveCfg = Release|Any CPU
		{4A5D5976-636F-49E3-AE41-CD455091B525}.Release|x64.Build.0 = Release|Any CPU
		{4A5D5976-636F-49E3-AE41-CD455091B525}.Release|x86.ActiveCfg = Release|Any CPU
		{4A5D5976-636F-49E3-AE41-CD455091B525}.Release|x86.Build.0 = Release|Any CPU
		{1FA3BAC2-048C-44B2-9974-06254F691A6A}.Debug|Any CPU.ActiveCfg = Debug|Any CPU
		{1FA3BAC2-048C-44B2-9974-06254F691A6A}.Debug|Any CPU.Build.0 = Debug|Any CPU
		{1FA3BAC2-048C-44B2-9974-06254F691A6A}.Debug|ARM.ActiveCfg = Debug|Any CPU
		{1FA3BAC2-048C-44B2-9974-06254F691A6A}.Debug|ARM.Build.0 = Debug|Any CPU
		{1FA3BAC2-048C-44B2-9974-06254F691A6A}.Debug|ARM64.ActiveCfg = Debug|Any CPU
		{1FA3BAC2-048C-44B2-9974-06254F691A6A}.Debug|ARM64.Build.0 = Debug|Any CPU
		{1FA3BAC2-048C-44B2-9974-06254F691A6A}.Debug|x64.ActiveCfg = Debug|Any CPU
		{1FA3BAC2-048C-44B2-9974-06254F691A6A}.Debug|x64.Build.0 = Debug|Any CPU
		{1FA3BAC2-048C-44B2-9974-06254F691A6A}.Debug|x86.ActiveCfg = Debug|Any CPU
		{1FA3BAC2-048C-44B2-9974-06254F691A6A}.Debug|x86.Build.0 = Debug|Any CPU
		{1FA3BAC2-048C-44B2-9974-06254F691A6A}.Release|Any CPU.ActiveCfg = Release|Any CPU
		{1FA3BAC2-048C-44B2-9974-06254F691A6A}.Release|Any CPU.Build.0 = Release|Any CPU
		{1FA3BAC2-048C-44B2-9974-06254F691A6A}.Release|ARM.ActiveCfg = Release|Any CPU
		{1FA3BAC2-048C-44B2-9974-06254F691A6A}.Release|ARM.Build.0 = Release|Any CPU
		{1FA3BAC2-048C-44B2-9974-06254F691A6A}.Release|ARM64.ActiveCfg = Release|Any CPU
		{1FA3BAC2-048C-44B2-9974-06254F691A6A}.Release|ARM64.Build.0 = Release|Any CPU
		{1FA3BAC2-048C-44B2-9974-06254F691A6A}.Release|x64.ActiveCfg = Release|Any CPU
		{1FA3BAC2-048C-44B2-9974-06254F691A6A}.Release|x64.Build.0 = Release|Any CPU
		{1FA3BAC2-048C-44B2-9974-06254F691A6A}.Release|x86.ActiveCfg = Release|Any CPU
		{1FA3BAC2-048C-44B2-9974-06254F691A6A}.Release|x86.Build.0 = Release|Any CPU
	EndGlobalSection
	GlobalSection(SolutionProperties) = preSolution
		HideSolutionNode = FALSE
	EndGlobalSection
	GlobalSection(ExtensibilityGlobals) = postSolution
		SolutionGuid = {23471DEB-8866-408A-AE86-4722AB3B74E3}
	EndGlobalSection
EndGlobal
